{
  "name": "@tobias_schn/test_lib",
  "version": "1.0.1",
  "lockfileVersion": 3,
  "requires": true,
  "packages": {
    "": {
      "name": "@tobias_schn/test_lib",
      "version": "1.0.1",
      "license": "ISC",
      "dependencies": {
        "jose": "^4.11.1"
      }
    },
    "node_modules/jose": {
      "version": "4.11.1",
      "resolved": "https://registry.npmjs.org/jose/-/jose-4.11.1.tgz",
      "integrity": "sha512-YRv4Tk/Wlug8qicwqFNFVEZSdbROCHRAC6qu/i0dyNKr5JQdoa2pIGoS04lLO/jXQX7Z9omoNewYIVIxqZBd9Q==",
      "funding": {
        "url": "https://github.com/sponsors/panva"
      }
    }
  }
}
